
Microsoft Visual Studio Solution File, Format Version 12.00
# Visual Studio 14
VisualStudioVersion = 14.0.25420.1
MinimumVisualStudioVersion = 10.0.40219.1
Project("{FAE04EC0-301F-11D3-BF4B-00C04F79EFBC}") = "AGM.Mobile", "AGM.Mobile\AGM.Mobile\AGM.Mobile.csproj", "{02354DAB-A98C-4D7C-9E33-92982A0F8A81}"
EndProject
Project("{FAE04EC0-301F-11D3-BF4B-00C04F79EFBC}") = "AGM.Mobile.Droid", "AGM.Mobile\AGM.Mobile.Droid\AGM.Mobile.Droid.csproj", "{EF1581E5-CEB4-4DF9-A2A9-19970F7C348C}"
EndProject
Project("{FAE04EC0-301F-11D3-BF4B-00C04F79EFBC}") = "AGM.Mobile.iOS", "AGM.Mobile\AGM.Mobile.iOS\AGM.Mobile.iOS.csproj", "{87920BA7-8DB0-4311-8510-B23016313187}"
EndProject
Project("{FAE04EC0-301F-11D3-BF4B-00C04F79EFBC}") = "AGM.Mobile.WinPhone", "AGM.Mobile\AGM.Mobile.WinPhone\AGM.Mobile.WinPhone.csproj", "{008ABB11-EACD-4491-9C84-DCA6641190CB}"
EndProject
Project("{FAE04EC0-301F-11D3-BF4B-00C04F79EFBC}") = "AGM.Mobile.UWP", "AGM.Mobile\AGM.Mobile.UWP\AGM.Mobile.UWP.csproj", "{2DB1C108-6711-427F-B7B1-A93FEE448219}"
EndProject
Project("{FAE04EC0-301F-11D3-BF4B-00C04F79EFBC}") = "AGM.Mobile.Windows", "AGM.Mobile\AGM.Mobile.Windows\AGM.Mobile.Windows.csproj", "{F6408808-0CE4-408E-83B9-4E9F6A5C5AC5}"
EndProject
Global
	GlobalSection(SolutionConfigurationPlatforms) = preSolution
		Ad-Hoc|Any CPU = Ad-Hoc|Any CPU
		Ad-Hoc|ARM = Ad-Hoc|ARM
		Ad-Hoc|iPhone = Ad-Hoc|iPhone
		Ad-Hoc|iPhoneSimulator = Ad-Hoc|iPhoneSimulator
		Ad-Hoc|x64 = Ad-Hoc|x64
		Ad-Hoc|x86 = Ad-Hoc|x86
		AppStore|Any CPU = AppStore|Any CPU
		AppStore|ARM = AppStore|ARM
		AppStore|iPhone = AppStore|iPhone
		AppStore|iPhoneSimulator = AppStore|iPhoneSimulator
		AppStore|x64 = AppStore|x64
		AppStore|x86 = AppStore|x86
		Debug|Any CPU = Debug|Any CPU
		Debug|ARM = Debug|ARM
		Debug|iPhone = Debug|iPhone
		Debug|iPhoneSimulator = Debug|iPhoneSimulator
		Debug|x64 = Debug|x64
		Debug|x86 = Debug|x86
		Release|Any CPU = Release|Any CPU
		Release|ARM = Release|ARM
		Release|iPhone = Release|iPhone
		Release|iPhoneSimulator = Release|iPhoneSimulator
		Release|x64 = Release|x64
		Release|x86 = Release|x86
	EndGlobalSection
	GlobalSection(ProjectConfigurationPlatforms) = postSolution
		{02354DAB-A98C-4D7C-9E33-92982A0F8A81}.Ad-Hoc|Any CPU.ActiveCfg = Release|Any CPU
		{02354DAB-A98C-4D7C-9E33-92982A0F8A81}.Ad-Hoc|Any CPU.Build.0 = Release|Any CPU
		{02354DAB-A98C-4D7C-9E33-92982A0F8A81}.Ad-Hoc|ARM.ActiveCfg = Release|Any CPU
		{02354DAB-A98C-4D7C-9E33-92982A0F8A81}.Ad-Hoc|ARM.Build.0 = Release|Any CPU
		{02354DAB-A98C-4D7C-9E33-92982A0F8A81}.Ad-Hoc|iPhone.ActiveCfg = Release|Any CPU
		{02354DAB-A98C-4D7C-9E33-92982A0F8A81}.Ad-Hoc|iPhone.Build.0 = Release|Any CPU
		{02354DAB-A98C-4D7C-9E33-92982A0F8A81}.Ad-Hoc|iPhoneSimulator.ActiveCfg = Release|Any CPU
		{02354DAB-A98C-4D7C-9E33-92982A0F8A81}.Ad-Hoc|iPhoneSimulator.Build.0 = Release|Any CPU
		{02354DAB-A98C-4D7C-9E33-92982A0F8A81}.Ad-Hoc|x64.ActiveCfg = Release|Any CPU
		{02354DAB-A98C-4D7C-9E33-92982A0F8A81}.Ad-Hoc|x64.Build.0 = Release|Any CPU
		{02354DAB-A98C-4D7C-9E33-92982A0F8A81}.Ad-Hoc|x86.ActiveCfg = Release|Any CPU
		{02354DAB-A98C-4D7C-9E33-92982A0F8A81}.Ad-Hoc|x86.Build.0 = Release|Any CPU
		{02354DAB-A98C-4D7C-9E33-92982A0F8A81}.AppStore|Any CPU.ActiveCfg = Release|Any CPU
		{02354DAB-A98C-4D7C-9E33-92982A0F8A81}.AppStore|Any CPU.Build.0 = Release|Any CPU
		{02354DAB-A98C-4D7C-9E33-92982A0F8A81}.AppStore|ARM.ActiveCfg = Release|Any CPU
		{02354DAB-A98C-4D7C-9E33-92982A0F8A81}.AppStore|ARM.Build.0 = Release|Any CPU
		{02354DAB-A98C-4D7C-9E33-92982A0F8A81}.AppStore|iPhone.ActiveCfg = Release|Any CPU
		{02354DAB-A98C-4D7C-9E33-92982A0F8A81}.AppStore|iPhone.Build.0 = Release|Any CPU
		{02354DAB-A98C-4D7C-9E33-92982A0F8A81}.AppStore|iPhoneSimulator.ActiveCfg = Release|Any CPU
		{02354DAB-A98C-4D7C-9E33-92982A0F8A81}.AppStore|iPhoneSimulator.Build.0 = Release|Any CPU
		{02354DAB-A98C-4D7C-9E33-92982A0F8A81}.AppStore|x64.ActiveCfg = Release|Any CPU
		{02354DAB-A98C-4D7C-9E33-92982A0F8A81}.AppStore|x64.Build.0 = Release|Any CPU
		{02354DAB-A98C-4D7C-9E33-92982A0F8A81}.AppStore|x86.ActiveCfg = Release|Any CPU
		{02354DAB-A98C-4D7C-9E33-92982A0F8A81}.AppStore|x86.Build.0 = Release|Any CPU
		{02354DAB-A98C-4D7C-9E33-92982A0F8A81}.Debug|Any CPU.ActiveCfg = Debug|Any CPU
		{02354DAB-A98C-4D7C-9E33-92982A0F8A81}.Debug|Any CPU.Build.0 = Debug|Any CPU
		{02354DAB-A98C-4D7C-9E33-92982A0F8A81}.Debug|ARM.ActiveCfg = Debug|Any CPU
		{02354DAB-A98C-4D7C-9E33-92982A0F8A81}.Debug|ARM.Build.0 = Debug|Any CPU
		{02354DAB-A98C-4D7C-9E33-92982A0F8A81}.Debug|iPhone.ActiveCfg = Debug|Any CPU
		{02354DAB-A98C-4D7C-9E33-92982A0F8A81}.Debug|iPhone.Build.0 = Debug|Any CPU
		{02354DAB-A98C-4D7C-9E33-92982A0F8A81}.Debug|iPhoneSimulator.ActiveCfg = Debug|Any CPU
		{02354DAB-A98C-4D7C-9E33-92982A0F8A81}.Debug|iPhoneSimulator.Build.0 = Debug|Any CPU
		{02354DAB-A98C-4D7C-9E33-92982A0F8A81}.Debug|x64.ActiveCfg = Debug|Any CPU
		{02354DAB-A98C-4D7C-9E33-92982A0F8A81}.Debug|x64.Build.0 = Debug|Any CPU
		{02354DAB-A98C-4D7C-9E33-92982A0F8A81}.Debug|x86.ActiveCfg = Debug|Any CPU
		{02354DAB-A98C-4D7C-9E33-92982A0F8A81}.Debug|x86.Build.0 = Debug|Any CPU
		{02354DAB-A98C-4D7C-9E33-92982A0F8A81}.Release|Any CPU.ActiveCfg = Release|Any CPU
		{02354DAB-A98C-4D7C-9E33-92982A0F8A81}.Release|Any CPU.Build.0 = Release|Any CPU
		{02354DAB-A98C-4D7C-9E33-92982A0F8A81}.Release|ARM.ActiveCfg = Release|Any CPU
		{02354DAB-A98C-4D7C-9E33-92982A0F8A81}.Release|ARM.Build.0 = Release|Any CPU
		{02354DAB-A98C-4D7C-9E33-92982A0F8A81}.Release|iPhone.ActiveCfg = Release|Any CPU
		{02354DAB-A98C-4D7C-9E33-92982A0F8A81}.Release|iPhone.Build.0 = Release|Any CPU
		{02354DAB-A98C-4D7C-9E33-92982A0F8A81}.Release|iPhoneSimulator.ActiveCfg = Release|Any CPU
		{02354DAB-A98C-4D7C-9E33-92982A0F8A81}.Release|iPhoneSimulator.Build.0 = Release|Any CPU
		{02354DAB-A98C-4D7C-9E33-92982A0F8A81}.Release|x64.ActiveCfg = Release|Any CPU
		{02354DAB-A98C-4D7C-9E33-92982A0F8A81}.Release|x64.Build.0 = Release|Any CPU
		{02354DAB-A98C-4D7C-9E33-92982A0F8A81}.Release|x86.ActiveCfg = Release|Any CPU
		{02354DAB-A98C-4D7C-9E33-92982A0F8A81}.Release|x86.Build.0 = Release|Any CPU
		{EF1581E5-CEB4-4DF9-A2A9-19970F7C348C}.Ad-Hoc|Any CPU.ActiveCfg = Release|Any CPU
		{EF1581E5-CEB4-4DF9-A2A9-19970F7C348C}.Ad-Hoc|Any CPU.Build.0 = Release|Any CPU
		{EF1581E5-CEB4-4DF9-A2A9-19970F7C348C}.Ad-Hoc|Any CPU.Deploy.0 = Release|Any CPU
		{EF1581E5-CEB4-4DF9-A2A9-19970F7C348C}.Ad-Hoc|ARM.ActiveCfg = Release|Any CPU
		{EF1581E5-CEB4-4DF9-A2A9-19970F7C348C}.Ad-Hoc|ARM.Build.0 = Release|Any CPU
		{EF1581E5-CEB4-4DF9-A2A9-19970F7C348C}.Ad-Hoc|ARM.Deploy.0 = Release|Any CPU
		{EF1581E5-CEB4-4DF9-A2A9-19970F7C348C}.Ad-Hoc|iPhone.ActiveCfg = Release|Any CPU
		{EF1581E5-CEB4-4DF9-A2A9-19970F7C348C}.Ad-Hoc|iPhone.Build.0 = Release|Any CPU
		{EF1581E5-CEB4-4DF9-A2A9-19970F7C348C}.Ad-Hoc|iPhone.Deploy.0 = Release|Any CPU
		{EF1581E5-CEB4-4DF9-A2A9-19970F7C348C}.Ad-Hoc|iPhoneSimulator.ActiveCfg = Release|Any CPU
		{EF1581E5-CEB4-4DF9-A2A9-19970F7C348C}.Ad-Hoc|iPhoneSimulator.Build.0 = Release|Any CPU
		{EF1581E5-CEB4-4DF9-A2A9-19970F7C348C}.Ad-Hoc|iPhoneSimulator.Deploy.0 = Release|Any CPU
		{EF1581E5-CEB4-4DF9-A2A9-19970F7C348C}.Ad-Hoc|x64.ActiveCfg = Release|Any CPU
		{EF1581E5-CEB4-4DF9-A2A9-19970F7C348C}.Ad-Hoc|x64.Build.0 = Release|Any CPU
		{EF1581E5-CEB4-4DF9-A2A9-19970F7C348C}.Ad-Hoc|x64.Deploy.0 = Release|Any CPU
		{EF1581E5-CEB4-4DF9-A2A9-19970F7C348C}.Ad-Hoc|x86.ActiveCfg = Release|Any CPU
		{EF1581E5-CEB4-4DF9-A2A9-19970F7C348C}.Ad-Hoc|x86.Build.0 = Release|Any CPU
		{EF1581E5-CEB4-4DF9-A2A9-19970F7C348C}.Ad-Hoc|x86.Deploy.0 = Release|Any CPU
		{EF1581E5-CEB4-4DF9-A2A9-19970F7C348C}.AppStore|Any CPU.ActiveCfg = Release|Any CPU
		{EF1581E5-CEB4-4DF9-A2A9-19970F7C348C}.AppStore|Any CPU.Build.0 = Release|Any CPU
		{EF1581E5-CEB4-4DF9-A2A9-19970F7C348C}.AppStore|Any CPU.Deploy.0 = Release|Any CPU
		{EF1581E5-CEB4-4DF9-A2A9-19970F7C348C}.AppStore|ARM.ActiveCfg = Release|Any CPU
		{EF1581E5-CEB4-4DF9-A2A9-19970F7C348C}.AppStore|ARM.Build.0 = Release|Any CPU
		{EF1581E5-CEB4-4DF9-A2A9-19970F7C348C}.AppStore|ARM.Deploy.0 = Release|Any CPU
		{EF1581E5-CEB4-4DF9-A2A9-19970F7C348C}.AppStore|iPhone.ActiveCfg = Release|Any CPU
		{EF1581E5-CEB4-4DF9-A2A9-19970F7C348C}.AppStore|iPhone.Build.0 = Release|Any CPU
		{EF1581E5-CEB4-4DF9-A2A9-19970F7C348C}.AppStore|iPhone.Deploy.0 = Release|Any CPU
		{EF1581E5-CEB4-4DF9-A2A9-19970F7C348C}.AppStore|iPhoneSimulator.ActiveCfg = Release|Any CPU
		{EF1581E5-CEB4-4DF9-A2A9-19970F7C348C}.AppStore|iPhoneSimulator.Build.0 = Release|Any CPU
		{EF1581E5-CEB4-4DF9-A2A9-19970F7C348C}.AppStore|iPhoneSimulator.Deploy.0 = Release|Any CPU
		{EF1581E5-CEB4-4DF9-A2A9-19970F7C348C}.AppStore|x64.ActiveCfg = Release|Any CPU
		{EF1581E5-CEB4-4DF9-A2A9-19970F7C348C}.AppStore|x64.Build.0 = Release|Any CPU
		{EF1581E5-CEB4-4DF9-A2A9-19970F7C348C}.AppStore|x64.Deploy.0 = Release|Any CPU
		{EF1581E5-CEB4-4DF9-A2A9-19970F7C348C}.AppStore|x86.ActiveCfg = Release|Any CPU
		{EF1581E5-CEB4-4DF9-A2A9-19970F7C348C}.AppStore|x86.Build.0 = Release|Any CPU
		{EF1581E5-CEB4-4DF9-A2A9-19970F7C348C}.AppStore|x86.Deploy.0 = Release|Any CPU
		{EF1581E5-CEB4-4DF9-A2A9-19970F7C348C}.Debug|Any CPU.ActiveCfg = Debug|Any CPU
		{EF1581E5-CEB4-4DF9-A2A9-19970F7C348C}.Debug|Any CPU.Build.0 = Debug|Any CPU
		{EF1581E5-CEB4-4DF9-A2A9-19970F7C348C}.Debug|Any CPU.Deploy.0 = Debug|Any CPU
		{EF1581E5-CEB4-4DF9-A2A9-19970F7C348C}.Debug|ARM.ActiveCfg = Debug|Any CPU
		{EF1581E5-CEB4-4DF9-A2A9-19970F7C348C}.Debug|ARM.Build.0 = Debug|Any CPU
		{EF1581E5-CEB4-4DF9-A2A9-19970F7C348C}.Debug|ARM.Deploy.0 = Debug|Any CPU
		{EF1581E5-CEB4-4DF9-A2A9-19970F7C348C}.Debug|iPhone.ActiveCfg = Debug|Any CPU
		{EF1581E5-CEB4-4DF9-A2A9-19970F7C348C}.Debug|iPhone.Build.0 = Debug|Any CPU
		{EF1581E5-CEB4-4DF9-A2A9-19970F7C348C}.Debug|iPhone.Deploy.0 = Debug|Any CPU
		{EF1581E5-CEB4-4DF9-A2A9-19970F7C348C}.Debug|iPhoneSimulator.ActiveCfg = Debug|Any CPU
		{EF1581E5-CEB4-4DF9-A2A9-19970F7C348C}.Debug|iPhoneSimulator.Build.0 = Debug|Any CPU
		{EF1581E5-CEB4-4DF9-A2A9-19970F7C348C}.Debug|iPhoneSimulator.Deploy.0 = Debug|Any CPU
		{EF1581E5-CEB4-4DF9-A2A9-19970F7C348C}.Debug|x64.ActiveCfg = Debug|Any CPU
		{EF1581E5-CEB4-4DF9-A2A9-19970F7C348C}.Debug|x64.Build.0 = Debug|Any CPU
		{EF1581E5-CEB4-4DF9-A2A9-19970F7C348C}.Debug|x64.Deploy.0 = Debug|Any CPU
		{EF1581E5-CEB4-4DF9-A2A9-19970F7C348C}.Debug|x86.ActiveCfg = Debug|Any CPU
		{EF1581E5-CEB4-4DF9-A2A9-19970F7C348C}.Debug|x86.Build.0 = Debug|Any CPU
		{EF1581E5-CEB4-4DF9-A2A9-19970F7C348C}.Debug|x86.Deploy.0 = Debug|Any CPU
		{EF1581E5-CEB4-4DF9-A2A9-19970F7C348C}.Release|Any CPU.ActiveCfg = Release|Any CPU
		{EF1581E5-CEB4-4DF9-A2A9-19970F7C348C}.Release|Any CPU.Build.0 = Release|Any CPU
		{EF1581E5-CEB4-4DF9-A2A9-19970F7C348C}.Release|Any CPU.Deploy.0 = Release|Any CPU
		{EF1581E5-CEB4-4DF9-A2A9-19970F7C348C}.Release|ARM.ActiveCfg = Release|Any CPU
		{EF1581E5-CEB4-4DF9-A2A9-19970F7C348C}.Release|ARM.Build.0 = Release|Any CPU
		{EF1581E5-CEB4-4DF9-A2A9-19970F7C348C}.Release|ARM.Deploy.0 = Release|Any CPU
		{EF1581E5-CEB4-4DF9-A2A9-19970F7C348C}.Release|iPhone.ActiveCfg = Release|Any CPU
		{EF1581E5-CEB4-4DF9-A2A9-19970F7C348C}.Release|iPhone.Build.0 = Release|Any CPU
		{EF1581E5-CEB4-4DF9-A2A9-19970F7C348C}.Release|iPhone.Deploy.0 = Release|Any CPU
		{EF1581E5-CEB4-4DF9-A2A9-19970F7C348C}.Release|iPhoneSimulator.ActiveCfg = Release|Any CPU
		{EF1581E5-CEB4-4DF9-A2A9-19970F7C348C}.Release|iPhoneSimulator.Build.0 = Release|Any CPU
		{EF1581E5-CEB4-4DF9-A2A9-19970F7C348C}.Release|iPhoneSimulator.Deploy.0 = Release|Any CPU
		{EF1581E5-CEB4-4DF9-A2A9-19970F7C348C}.Release|x64.ActiveCfg = Release|Any CPU
		{EF1581E5-CEB4-4DF9-A2A9-19970F7C348C}.Release|x64.Build.0 = Release|Any CPU
		{EF1581E5-CEB4-4DF9-A2A9-19970F7C348C}.Release|x64.Deploy.0 = Release|Any CPU
		{EF1581E5-CEB4-4DF9-A2A9-19970F7C348C}.Release|x86.ActiveCfg = Release|Any CPU
		{EF1581E5-CEB4-4DF9-A2A9-19970F7C348C}.Release|x86.Build.0 = Release|Any CPU
		{EF1581E5-CEB4-4DF9-A2A9-19970F7C348C}.Release|x86.Deploy.0 = Release|Any CPU
		{87920BA7-8DB0-4311-8510-B23016313187}.Ad-Hoc|Any CPU.ActiveCfg = Ad-Hoc|iPhone
		{87920BA7-8DB0-4311-8510-B23016313187}.Ad-Hoc|ARM.ActiveCfg = Ad-Hoc|iPhone
		{87920BA7-8DB0-4311-8510-B23016313187}.Ad-Hoc|iPhone.ActiveCfg = Ad-Hoc|iPhone
		{87920BA7-8DB0-4311-8510-B23016313187}.Ad-Hoc|iPhone.Build.0 = Ad-Hoc|iPhone
		{87920BA7-8DB0-4311-8510-B23016313187}.Ad-Hoc|iPhoneSimulator.ActiveCfg = Ad-Hoc|iPhoneSimulator
		{87920BA7-8DB0-4311-8510-B23016313187}.Ad-Hoc|iPhoneSimulator.Build.0 = Ad-Hoc|iPhoneSimulator
		{87920BA7-8DB0-4311-8510-B23016313187}.Ad-Hoc|x64.ActiveCfg = Ad-Hoc|iPhone
		{87920BA7-8DB0-4311-8510-B23016313187}.Ad-Hoc|x86.ActiveCfg = Ad-Hoc|iPhone
		{87920BA7-8DB0-4311-8510-B23016313187}.AppStore|Any CPU.ActiveCfg = AppStore|iPhone
		{87920BA7-8DB0-4311-8510-B23016313187}.AppStore|ARM.ActiveCfg = AppStore|iPhone
		{87920BA7-8DB0-4311-8510-B23016313187}.AppStore|iPhone.ActiveCfg = AppStore|iPhone
		{87920BA7-8DB0-4311-8510-B23016313187}.AppStore|iPhone.Build.0 = AppStore|iPhone
		{87920BA7-8DB0-4311-8510-B23016313187}.AppStore|iPhoneSimulator.ActiveCfg = AppStore|iPhoneSimulator
		{87920BA7-8DB0-4311-8510-B23016313187}.AppStore|iPhoneSimulator.Build.0 = AppStore|iPhoneSimulator
		{87920BA7-8DB0-4311-8510-B23016313187}.AppStore|x64.ActiveCfg = AppStore|iPhone
		{87920BA7-8DB0-4311-8510-B23016313187}.AppStore|x86.ActiveCfg = AppStore|iPhone
		{87920BA7-8DB0-4311-8510-B23016313187}.Debug|Any CPU.ActiveCfg = Debug|iPhone
		{87920BA7-8DB0-4311-8510-B23016313187}.Debug|ARM.ActiveCfg = Debug|iPhone
		{87920BA7-8DB0-4311-8510-B23016313187}.Debug|iPhone.ActiveCfg = Debug|iPhone
		{87920BA7-8DB0-4311-8510-B23016313187}.Debug|iPhone.Build.0 = Debug|iPhone
		{87920BA7-8DB0-4311-8510-B23016313187}.Debug|iPhoneSimulator.ActiveCfg = Debug|iPhoneSimulator
		{87920BA7-8DB0-4311-8510-B23016313187}.Debug|iPhoneSimulator.Build.0 = Debug|iPhoneSimulator
		{87920BA7-8DB0-4311-8510-B23016313187}.Debug|x64.ActiveCfg = Debug|iPhone
		{87920BA7-8DB0-4311-8510-B23016313187}.Debug|x86.ActiveCfg = Debug|iPhone
		{87920BA7-8DB0-4311-8510-B23016313187}.Release|Any CPU.ActiveCfg = Release|iPhone
		{87920BA7-8DB0-4311-8510-B23016313187}.Release|ARM.ActiveCfg = Release|iPhone
		{87920BA7-8DB0-4311-8510-B23016313187}.Release|iPhone.ActiveCfg = Release|iPhone
		{87920BA7-8DB0-4311-8510-B23016313187}.Release|iPhone.Build.0 = Release|iPhone
		{87920BA7-8DB0-4311-8510-B23016313187}.Release|iPhoneSimulator.ActiveCfg = Release|iPhoneSimulator
		{87920BA7-8DB0-4311-8510-B23016313187}.Release|iPhoneSimulator.Build.0 = Release|iPhoneSimulator
		{87920BA7-8DB0-4311-8510-B23016313187}.Release|x64.ActiveCfg = Release|iPhone
		{87920BA7-8DB0-4311-8510-B23016313187}.Release|x86.ActiveCfg = Release|iPhone
		{008ABB11-EACD-4491-9C84-DCA6641190CB}.Ad-Hoc|Any CPU.ActiveCfg = Release|Any CPU
		{008ABB11-EACD-4491-9C84-DCA6641190CB}.Ad-Hoc|Any CPU.Build.0 = Release|Any CPU
		{008ABB11-EACD-4491-9C84-DCA6641190CB}.Ad-Hoc|Any CPU.Deploy.0 = Release|Any CPU
		{008ABB11-EACD-4491-9C84-DCA6641190CB}.Ad-Hoc|ARM.ActiveCfg = Release|ARM
		{008ABB11-EACD-4491-9C84-DCA6641190CB}.Ad-Hoc|ARM.Build.0 = Release|ARM
		{008ABB11-EACD-4491-9C84-DCA6641190CB}.Ad-Hoc|ARM.Deploy.0 = Release|ARM
		{008ABB11-EACD-4491-9C84-DCA6641190CB}.Ad-Hoc|iPhone.ActiveCfg = Release|Any CPU
		{008ABB11-EACD-4491-9C84-DCA6641190CB}.Ad-Hoc|iPhone.Build.0 = Release|Any CPU
		{008ABB11-EACD-4491-9C84-DCA6641190CB}.Ad-Hoc|iPhone.Deploy.0 = Release|Any CPU
		{008ABB11-EACD-4491-9C84-DCA6641190CB}.Ad-Hoc|iPhoneSimulator.ActiveCfg = Release|Any CPU
		{008ABB11-EACD-4491-9C84-DCA6641190CB}.Ad-Hoc|iPhoneSimulator.Build.0 = Release|Any CPU
		{008ABB11-EACD-4491-9C84-DCA6641190CB}.Ad-Hoc|iPhoneSimulator.Deploy.0 = Release|Any CPU
		{008ABB11-EACD-4491-9C84-DCA6641190CB}.Ad-Hoc|x64.ActiveCfg = Release|Any CPU
		{008ABB11-EACD-4491-9C84-DCA6641190CB}.Ad-Hoc|x64.Build.0 = Release|Any CPU
		{008ABB11-EACD-4491-9C84-DCA6641190CB}.Ad-Hoc|x64.Deploy.0 = Release|Any CPU
		{008ABB11-EACD-4491-9C84-DCA6641190CB}.Ad-Hoc|x86.ActiveCfg = Release|x86
		{008ABB11-EACD-4491-9C84-DCA6641190CB}.Ad-Hoc|x86.Build.0 = Release|x86
		{008ABB11-EACD-4491-9C84-DCA6641190CB}.Ad-Hoc|x86.Deploy.0 = Release|x86
		{008ABB11-EACD-4491-9C84-DCA6641190CB}.AppStore|Any CPU.ActiveCfg = Release|Any CPU
		{008ABB11-EACD-4491-9C84-DCA6641190CB}.AppStore|Any CPU.Build.0 = Release|Any CPU
		{008ABB11-EACD-4491-9C84-DCA6641190CB}.AppStore|Any CPU.Deploy.0 = Release|Any CPU
		{008ABB11-EACD-4491-9C84-DCA6641190CB}.AppStore|ARM.ActiveCfg = Release|ARM
		{008ABB11-EACD-4491-9C84-DCA6641190CB}.AppStore|ARM.Build.0 = Release|ARM
		{008ABB11-EACD-4491-9C84-DCA6641190CB}.AppStore|ARM.Deploy.0 = Release|ARM
		{008ABB11-EACD-4491-9C84-DCA6641190CB}.AppStore|iPhone.ActiveCfg = Release|Any CPU
		{008ABB11-EACD-4491-9C84-DCA6641190CB}.AppStore|iPhone.Build.0 = Release|Any CPU
		{008ABB11-EACD-4491-9C84-DCA6641190CB}.AppStore|iPhone.Deploy.0 = Release|Any CPU
		{008ABB11-EACD-4491-9C84-DCA6641190CB}.AppStore|iPhoneSimulator.ActiveCfg = Release|Any CPU
		{008ABB11-EACD-4491-9C84-DCA6641190CB}.AppStore|iPhoneSimulator.Build.0 = Release|Any CPU
		{008ABB11-EACD-4491-9C84-DCA6641190CB}.AppStore|iPhoneSimulator.Deploy.0 = Release|Any CPU
		{008ABB11-EACD-4491-9C84-DCA6641190CB}.AppStore|x64.ActiveCfg = Release|Any CPU
		{008ABB11-EACD-4491-9C84-DCA6641190CB}.AppStore|x64.Build.0 = Release|Any CPU
		{008ABB11-EACD-4491-9C84-DCA6641190CB}.AppStore|x64.Deploy.0 = Release|Any CPU
		{008ABB11-EACD-4491-9C84-DCA6641190CB}.AppStore|x86.ActiveCfg = Release|x86
		{008ABB11-EACD-4491-9C84-DCA6641190CB}.AppStore|x86.Build.0 = Release|x86
		{008ABB11-EACD-4491-9C84-DCA6641190CB}.AppStore|x86.Deploy.0 = Release|x86
		{008ABB11-EACD-4491-9C84-DCA6641190CB}.Debug|Any CPU.ActiveCfg = Debug|Any CPU
		{008ABB11-EACD-4491-9C84-DCA6641190CB}.Debug|Any CPU.Build.0 = Debug|Any CPU
		{008ABB11-EACD-4491-9C84-DCA6641190CB}.Debug|Any CPU.Deploy.0 = Debug|Any CPU
		{008ABB11-EACD-4491-9C84-DCA6641190CB}.Debug|ARM.ActiveCfg = Debug|ARM
		{008ABB11-EACD-4491-9C84-DCA6641190CB}.Debug|ARM.Build.0 = Debug|ARM
		{008ABB11-EACD-4491-9C84-DCA6641190CB}.Debug|ARM.Deploy.0 = Debug|ARM
		{008ABB11-EACD-4491-9C84-DCA6641190CB}.Debug|iPhone.ActiveCfg = Debug|Any CPU
		{008ABB11-EACD-4491-9C84-DCA6641190CB}.Debug|iPhone.Build.0 = Debug|Any CPU
		{008ABB11-EACD-4491-9C84-DCA6641190CB}.Debug|iPhone.Deploy.0 = Debug|Any CPU
		{008ABB11-EACD-4491-9C84-DCA6641190CB}.Debug|iPhoneSimulator.ActiveCfg = Debug|Any CPU
		{008ABB11-EACD-4491-9C84-DCA6641190CB}.Debug|iPhoneSimulator.Build.0 = Debug|Any CPU
		{008ABB11-EACD-4491-9C84-DCA6641190CB}.Debug|iPhoneSimulator.Deploy.0 = Debug|Any CPU
		{008ABB11-EACD-4491-9C84-DCA6641190CB}.Debug|x64.ActiveCfg = Debug|Any CPU
		{008ABB11-EACD-4491-9C84-DCA6641190CB}.Debug|x64.Build.0 = Debug|Any CPU
		{008ABB11-EACD-4491-9C84-DCA6641190CB}.Debug|x64.Deploy.0 = Debug|Any CPU
		{008ABB11-EACD-4491-9C84-DCA6641190CB}.Debug|x86.ActiveCfg = Debug|x86
		{008ABB11-EACD-4491-9C84-DCA6641190CB}.Debug|x86.Build.0 = Debug|x86
		{008ABB11-EACD-4491-9C84-DCA6641190CB}.Debug|x86.Deploy.0 = Debug|x86
		{008ABB11-EACD-4491-9C84-DCA6641190CB}.Release|Any CPU.ActiveCfg = Release|Any CPU
		{008ABB11-EACD-4491-9C84-DCA6641190CB}.Release|Any CPU.Build.0 = Release|Any CPU
		{008ABB11-EACD-4491-9C84-DCA6641190CB}.Release|Any CPU.Deploy.0 = Release|Any CPU
		{008ABB11-EACD-4491-9C84-DCA6641190CB}.Release|ARM.ActiveCfg = Release|ARM
		{008ABB11-EACD-4491-9C84-DCA6641190CB}.Release|ARM.Build.0 = Release|ARM
		{008ABB11-EACD-4491-9C84-DCA6641190CB}.Release|ARM.Deploy.0 = Release|ARM
		{008ABB11-EACD-4491-9C84-DCA6641190CB}.Release|iPhone.ActiveCfg = Release|Any CPU
		{008ABB11-EACD-4491-9C84-DCA6641190CB}.Release|iPhone.Build.0 = Release|Any CPU
		{008ABB11-EACD-4491-9C84-DCA6641190CB}.Release|iPhone.Deploy.0 = Release|Any CPU
		{008ABB11-EACD-4491-9C84-DCA6641190CB}.Release|iPhoneSimulator.ActiveCfg = Release|Any CPU
		{008ABB11-EACD-4491-9C84-DCA6641190CB}.Release|iPhoneSimulator.Build.0 = Release|Any CPU
		{008ABB11-EACD-4491-9C84-DCA6641190CB}.Release|iPhoneSimulator.Deploy.0 = Release|Any CPU
		{008ABB11-EACD-4491-9C84-DCA6641190CB}.Release|x64.ActiveCfg = Release|Any CPU
		{008ABB11-EACD-4491-9C84-DCA6641190CB}.Release|x64.Build.0 = Release|Any CPU
		{008ABB11-EACD-4491-9C84-DCA6641190CB}.Release|x64.Deploy.0 = Release|Any CPU
		{008ABB11-EACD-4491-9C84-DCA6641190CB}.Release|x86.ActiveCfg = Release|x86
		{008ABB11-EACD-4491-9C84-DCA6641190CB}.Release|x86.Build.0 = Release|x86
		{008ABB11-EACD-4491-9C84-DCA6641190CB}.Release|x86.Deploy.0 = Release|x86
		{2DB1C108-6711-427F-B7B1-A93FEE448219}.Ad-Hoc|Any CPU.ActiveCfg = Release|x86
		{2DB1C108-6711-427F-B7B1-A93FEE448219}.Ad-Hoc|Any CPU.Build.0 = Release|x86
		{2DB1C108-6711-427F-B7B1-A93FEE448219}.Ad-Hoc|Any CPU.Deploy.0 = Release|x86
		{2DB1C108-6711-427F-B7B1-A93FEE448219}.Ad-Hoc|ARM.ActiveCfg = Release|ARM
		{2DB1C108-6711-427F-B7B1-A93FEE448219}.Ad-Hoc|ARM.Build.0 = Release|ARM
		{2DB1C108-6711-427F-B7B1-A93FEE448219}.Ad-Hoc|ARM.Deploy.0 = Release|ARM
		{2DB1C108-6711-427F-B7B1-A93FEE448219}.Ad-Hoc|iPhone.ActiveCfg = Release|x86
		{2DB1C108-6711-427F-B7B1-A93FEE448219}.Ad-Hoc|iPhone.Build.0 = Release|x86
		{2DB1C108-6711-427F-B7B1-A93FEE448219}.Ad-Hoc|iPhone.Deploy.0 = Release|x86
		{2DB1C108-6711-427F-B7B1-A93FEE448219}.Ad-Hoc|iPhoneSimulator.ActiveCfg = Release|x86
		{2DB1C108-6711-427F-B7B1-A93FEE448219}.Ad-Hoc|iPhoneSimulator.Build.0 = Release|x86
		{2DB1C108-6711-427F-B7B1-A93FEE448219}.Ad-Hoc|iPhoneSimulator.Deploy.0 = Release|x86
		{2DB1C108-6711-427F-B7B1-A93FEE448219}.Ad-Hoc|x64.ActiveCfg = Release|x64
		{2DB1C108-6711-427F-B7B1-A93FEE448219}.Ad-Hoc|x64.Build.0 = Release|x64
		{2DB1C108-6711-427F-B7B1-A93FEE448219}.Ad-Hoc|x64.Deploy.0 = Release|x64
		{2DB1C108-6711-427F-B7B1-A93FEE448219}.Ad-Hoc|x86.ActiveCfg = Release|x86
		{2DB1C108-6711-427F-B7B1-A93FEE448219}.Ad-Hoc|x86.Build.0 = Release|x86
		{2DB1C108-6711-427F-B7B1-A93FEE448219}.Ad-Hoc|x86.Deploy.0 = Release|x86
		{2DB1C108-6711-427F-B7B1-A93FEE448219}.AppStore|Any CPU.ActiveCfg = Release|x86
		{2DB1C108-6711-427F-B7B1-A93FEE448219}.AppStore|Any CPU.Build.0 = Release|x86
		{2DB1C108-6711-427F-B7B1-A93FEE448219}.AppStore|Any CPU.Deploy.0 = Release|x86
		{2DB1C108-6711-427F-B7B1-A93FEE448219}.AppStore|ARM.ActiveCfg = Release|ARM
		{2DB1C108-6711-427F-B7B1-A93FEE448219}.AppStore|ARM.Build.0 = Release|ARM
		{2DB1C108-6711-427F-B7B1-A93FEE448219}.AppStore|ARM.Deploy.0 = Release|ARM
		{2DB1C108-6711-427F-B7B1-A93FEE448219}.AppStore|iPhone.ActiveCfg = Release|x86
		{2DB1C108-6711-427F-B7B1-A93FEE448219}.AppStore|iPhone.Build.0 = Release|x86
		{2DB1C108-6711-427F-B7B1-A93FEE448219}.AppStore|iPhone.Deploy.0 = Release|x86
		{2DB1C108-6711-427F-B7B1-A93FEE448219}.AppStore|iPhoneSimulator.ActiveCfg = Release|x86
		{2DB1C108-6711-427F-B7B1-A93FEE448219}.AppStore|iPhoneSimulator.Build.0 = Release|x86
		{2DB1C108-6711-427F-B7B1-A93FEE448219}.AppStore|iPhoneSimulator.Deploy.0 = Release|x86
		{2DB1C108-6711-427F-B7B1-A93FEE448219}.AppStore|x64.ActiveCfg = Release|x64
		{2DB1C108-6711-427F-B7B1-A93FEE448219}.AppStore|x64.Build.0 = Release|x64
		{2DB1C108-6711-427F-B7B1-A93FEE448219}.AppStore|x64.Deploy.0 = Release|x64
		{2DB1C108-6711-427F-B7B1-A93FEE448219}.AppStore|x86.ActiveCfg = Release|x86
		{2DB1C108-6711-427F-B7B1-A93FEE448219}.AppStore|x86.Build.0 = Release|x86
		{2DB1C108-6711-427F-B7B1-A93FEE448219}.AppStore|x86.Deploy.0 = Release|x86
		{2DB1C108-6711-427F-B7B1-A93FEE448219}.Debug|Any CPU.ActiveCfg = Debug|x86
		{2DB1C108-6711-427F-B7B1-A93FEE448219}.Debug|Any CPU.Build.0 = Debug|x86
		{2DB1C108-6711-427F-B7B1-A93FEE448219}.Debug|Any CPU.Deploy.0 = Debug|x86
		{2DB1C108-6711-427F-B7B1-A93FEE448219}.Debug|ARM.ActiveCfg = Debug|ARM
		{2DB1C108-6711-427F-B7B1-A93FEE448219}.Debug|ARM.Build.0 = Debug|ARM
		{2DB1C108-6711-427F-B7B1-A93FEE448219}.Debug|ARM.Deploy.0 = Debug|ARM
		{2DB1C108-6711-427F-B7B1-A93FEE448219}.Debug|iPhone.ActiveCfg = Debug|x86
		{2DB1C108-6711-427F-B7B1-A93FEE448219}.Debug|iPhoneSimulator.ActiveCfg = Debug|x86
		{2DB1C108-6711-427F-B7B1-A93FEE448219}.Debug|x64.ActiveCfg = Debug|x64
		{2DB1C108-6711-427F-B7B1-A93FEE448219}.Debug|x64.Build.0 = Debug|x64
		{2DB1C108-6711-427F-B7B1-A93FEE448219}.Debug|x64.Deploy.0 = Debug|x64
		{2DB1C108-6711-427F-B7B1-A93FEE448219}.Debug|x86.ActiveCfg = Debug|x86
		{2DB1C108-6711-427F-B7B1-A93FEE448219}.Debug|x86.Build.0 = Debug|x86
		{2DB1C108-6711-427F-B7B1-A93FEE448219}.Debug|x86.Deploy.0 = Debug|x86
		{2DB1C108-6711-427F-B7B1-A93FEE448219}.Release|Any CPU.ActiveCfg = Release|x86
		{2DB1C108-6711-427F-B7B1-A93FEE448219}.Release|ARM.ActiveCfg = Release|ARM
		{2DB1C108-6711-427F-B7B1-A93FEE448219}.Release|ARM.Build.0 = Release|ARM
		{2DB1C108-6711-427F-B7B1-A93FEE448219}.Release|ARM.Deploy.0 = Release|ARM
		{2DB1C108-6711-427F-B7B1-A93FEE448219}.Release|iPhone.ActiveCfg = Release|x86
		{2DB1C108-6711-427F-B7B1-A93FEE448219}.Release|iPhoneSimulator.ActiveCfg = Release|x86
		{2DB1C108-6711-427F-B7B1-A93FEE448219}.Release|x64.ActiveCfg = Release|x64
		{2DB1C108-6711-427F-B7B1-A93FEE448219}.Release|x64.Build.0 = Release|x64
		{2DB1C108-6711-427F-B7B1-A93FEE448219}.Release|x64.Deploy.0 = Release|x64
		{2DB1C108-6711-427F-B7B1-A93FEE448219}.Release|x86.ActiveCfg = Release|x86
		{2DB1C108-6711-427F-B7B1-A93FEE448219}.Release|x86.Build.0 = Release|x86
		{2DB1C108-6711-427F-B7B1-A93FEE448219}.Release|x86.Deploy.0 = Release|x86
		{F6408808-0CE4-408E-83B9-4E9F6A5C5AC5}.Ad-Hoc|Any CPU.ActiveCfg = Release|Any CPU
		{F6408808-0CE4-408E-83B9-4E9F6A5C5AC5}.Ad-Hoc|Any CPU.Build.0 = Release|Any CPU
		{F6408808-0CE4-408E-83B9-4E9F6A5C5AC5}.Ad-Hoc|Any CPU.Deploy.0 = Release|Any CPU
		{F6408808-0CE4-408E-83B9-4E9F6A5C5AC5}.Ad-Hoc|ARM.ActiveCfg = Release|ARM
		{F6408808-0CE4-408E-83B9-4E9F6A5C5AC5}.Ad-Hoc|ARM.Build.0 = Release|ARM
		{F6408808-0CE4-408E-83B9-4E9F6A5C5AC5}.Ad-Hoc|ARM.Deploy.0 = Release|ARM
		{F6408808-0CE4-408E-83B9-4E9F6A5C5AC5}.Ad-Hoc|iPhone.ActiveCfg = Release|Any CPU
		{F6408808-0CE4-408E-83B9-4E9F6A5C5AC5}.Ad-Hoc|iPhone.Build.0 = Release|Any CPU
		{F6408808-0CE4-408E-83B9-4E9F6A5C5AC5}.Ad-Hoc|iPhone.Deploy.0 = Release|Any CPU
		{F6408808-0CE4-408E-83B9-4E9F6A5C5AC5}.Ad-Hoc|iPhoneSimulator.ActiveCfg = Release|Any CPU
		{F6408808-0CE4-408E-83B9-4E9F6A5C5AC5}.Ad-Hoc|iPhoneSimulator.Build.0 = Release|Any CPU
		{F6408808-0CE4-408E-83B9-4E9F6A5C5AC5}.Ad-Hoc|iPhoneSimulator.Deploy.0 = Release|Any CPU
		{F6408808-0CE4-408E-83B9-4E9F6A5C5AC5}.Ad-Hoc|x64.ActiveCfg = Release|x64
		{F6408808-0CE4-408E-83B9-4E9F6A5C5AC5}.Ad-Hoc|x64.Build.0 = Release|x64
		{F6408808-0CE4-408E-83B9-4E9F6A5C5AC5}.Ad-Hoc|x64.Deploy.0 = Release|x64
		{F6408808-0CE4-408E-83B9-4E9F6A5C5AC5}.Ad-Hoc|x86.ActiveCfg = Release|x86
		{F6408808-0CE4-408E-83B9-4E9F6A5C5AC5}.Ad-Hoc|x86.Build.0 = Release|x86
		{F6408808-0CE4-408E-83B9-4E9F6A5C5AC5}.Ad-Hoc|x86.Deploy.0 = Release|x86
		{F6408808-0CE4-408E-83B9-4E9F6A5C5AC5}.AppStore|Any CPU.ActiveCfg = Release|Any CPU
		{F6408808-0CE4-408E-83B9-4E9F6A5C5AC5}.AppStore|Any CPU.Build.0 = Release|Any CPU
		{F6408808-0CE4-408E-83B9-4E9F6A5C5AC5}.AppStore|Any CPU.Deploy.0 = Release|Any CPU
		{F6408808-0CE4-408E-83B9-4E9F6A5C5AC5}.AppStore|ARM.ActiveCfg = Release|ARM
		{F6408808-0CE4-408E-83B9-4E9F6A5C5AC5}.AppStore|ARM.Build.0 = Release|ARM
		{F6408808-0CE4-408E-83B9-4E9F6A5C5AC5}.AppStore|ARM.Deploy.0 = Release|ARM
		{F6408808-0CE4-408E-83B9-4E9F6A5C5AC5}.AppStore|iPhone.ActiveCfg = Release|Any CPU
		{F6408808-0CE4-408E-83B9-4E9F6A5C5AC5}.AppStore|iPhone.Build.0 = Release|Any CPU
		{F6408808-0CE4-408E-83B9-4E9F6A5C5AC5}.AppStore|iPhone.Deploy.0 = Release|Any CPU
		{F6408808-0CE4-408E-83B9-4E9F6A5C5AC5}.AppStore|iPhoneSimulator.ActiveCfg = Release|Any CPU
		{F6408808-0CE4-408E-83B9-4E9F6A5C5AC5}.AppStore|iPhoneSimulator.Build.0 = Release|Any CPU
		{F6408808-0CE4-408E-83B9-4E9F6A5C5AC5}.AppStore|iPhoneSimulator.Deploy.0 = Release|Any CPU
		{F6408808-0CE4-408E-83B9-4E9F6A5C5AC5}.AppStore|x64.ActiveCfg = Release|x64
		{F6408808-0CE4-408E-83B9-4E9F6A5C5AC5}.AppStore|x64.Build.0 = Release|x64
		{F6408808-0CE4-408E-83B9-4E9F6A5C5AC5}.AppStore|x64.Deploy.0 = Release|x64
		{F6408808-0CE4-408E-83B9-4E9F6A5C5AC5}.AppStore|x86.ActiveCfg = Release|x86
		{F6408808-0CE4-408E-83B9-4E9F6A5C5AC5}.AppStore|x86.Build.0 = Release|x86
		{F6408808-0CE4-408E-83B9-4E9F6A5C5AC5}.AppStore|x86.Deploy.0 = Release|x86
		{F6408808-0CE4-408E-83B9-4E9F6A5C5AC5}.Debug|Any CPU.ActiveCfg = Debug|Any CPU
		{F6408808-0CE4-408E-83B9-4E9F6A5C5AC5}.Debug|Any CPU.Build.0 = Debug|Any CPU
		{F6408808-0CE4-408E-83B9-4E9F6A5C5AC5}.Debug|Any CPU.Deploy.0 = Debug|Any CPU
		{F6408808-0CE4-408E-83B9-4E9F6A5C5AC5}.Debug|ARM.ActiveCfg = Debug|ARM
		{F6408808-0CE4-408E-83B9-4E9F6A5C5AC5}.Debug|ARM.Build.0 = Debug|ARM
		{F6408808-0CE4-408E-83B9-4E9F6A5C5AC5}.Debug|ARM.Deploy.0 = Debug|ARM
		{F6408808-0CE4-408E-83B9-4E9F6A5C5AC5}.Debug|iPhone.ActiveCfg = Debug|Any CPU
		{F6408808-0CE4-408E-83B9-4E9F6A5C5AC5}.Debug|iPhone.Build.0 = Debug|Any CPU
		{F6408808-0CE4-408E-83B9-4E9F6A5C5AC5}.Debug|iPhone.Deploy.0 = Debug|Any CPU
		{F6408808-0CE4-408E-83B9-4E9F6A5C5AC5}.Debug|iPhoneSimulator.ActiveCfg = Debug|Any CPU
		{F6408808-0CE4-408E-83B9-4E9F6A5C5AC5}.Debug|iPhoneSimulator.Build.0 = Debug|Any CPU
		{F6408808-0CE4-408E-83B9-4E9F6A5C5AC5}.Debug|iPhoneSimulator.Deploy.0 = Debug|Any CPU
		{F6408808-0CE4-408E-83B9-4E9F6A5C5AC5}.Debug|x64.ActiveCfg = Debug|x64
		{F6408808-0CE4-408E-83B9-4E9F6A5C5AC5}.Debug|x64.Build.0 = Debug|x64
		{F6408808-0CE4-408E-83B9-4E9F6A5C5AC5}.Debug|x64.Deploy.0 = Debug|x64
		{F6408808-0CE4-408E-83B9-4E9F6A5C5AC5}.Debug|x86.ActiveCfg = Debug|x86
		{F6408808-0CE4-408E-83B9-4E9F6A5C5AC5}.Debug|x86.Build.0 = Debug|x86
		{F6408808-0CE4-408E-83B9-4E9F6A5C5AC5}.Debug|x86.Deploy.0 = Debug|x86
		{F6408808-0CE4-408E-83B9-4E9F6A5C5AC5}.Release|Any CPU.ActiveCfg = Release|Any CPU
		{F6408808-0CE4-408E-83B9-4E9F6A5C5AC5}.Release|Any CPU.Build.0 = Release|Any CPU
		{F6408808-0CE4-408E-83B9-4E9F6A5C5AC5}.Release|Any CPU.Deploy.0 = Release|Any CPU
		{F6408808-0CE4-408E-83B9-4E9F6A5C5AC5}.Release|ARM.ActiveCfg = Release|ARM
		{F6408808-0CE4-408E-83B9-4E9F6A5C5AC5}.Release|ARM.Build.0 = Release|ARM
		{F6408808-0CE4-408E-83B9-4E9F6A5C5AC5}.Release|ARM.Deploy.0 = Release|ARM
		{F6408808-0CE4-408E-83B9-4E9F6A5C5AC5}.Release|iPhone.ActiveCfg = Release|Any CPU
		{F6408808-0CE4-408E-83B9-4E9F6A5C5AC5}.Release|iPhone.Build.0 = Release|Any CPU
		{F6408808-0CE4-408E-83B9-4E9F6A5C5AC5}.Release|iPhone.Deploy.0 = Release|Any CPU
		{F6408808-0CE4-408E-83B9-4E9F6A5C5AC5}.Release|iPhoneSimulator.ActiveCfg = Release|Any CPU
		{F6408808-0CE4-408E-83B9-4E9F6A5C5AC5}.Release|iPhoneSimulator.Build.0 = Release|Any CPU
		{F6408808-0CE4-408E-83B9-4E9F6A5C5AC5}.Release|iPhoneSimulator.Deploy.0 = Release|Any CPU
		{F6408808-0CE4-408E-83B9-4E9F6A5C5AC5}.Release|x64.ActiveCfg = Release|x64
		{F6408808-0CE4-408E-83B9-4E9F6A5C5AC5}.Release|x64.Build.0 = Release|x64
		{F6408808-0CE4-408E-83B9-4E9F6A5C5AC5}.Release|x64.Deploy.0 = Release|x64
		{F6408808-0CE4-408E-83B9-4E9F6A5C5AC5}.Release|x86.ActiveCfg = Release|x86
		{F6408808-0CE4-408E-83B9-4E9F6A5C5AC5}.Release|x86.Build.0 = Release|x86
		{F6408808-0CE4-408E-83B9-4E9F6A5C5AC5}.Release|x86.Deploy.0 = Release|x86
	EndGlobalSection
	GlobalSection(SolutionProperties) = preSolution
		HideSolutionNode = FALSE
	EndGlobalSection
	GlobalSection(TeamFoundationVersionControl) = preSolution
		SccNumberOfProjects = 7
		SccEnterpriseProvider = {4CA58AB2-18FA-4F8D-95D4-32DDF27D184C}
		SccTeamFoundationServer = https://avanadesa.visualstudio.com/
		SccLocalPath0 = .
		SccProjectUniqueName1 = AGM.Mobile\\AGM.Mobile.Droid\\AGM.Mobile.Droid.csproj
		SccProjectName1 = AGM.Mobile/AGM.Mobile.Droid
		SccLocalPath1 = AGM.Mobile\\AGM.Mobile.Droid
		SccProjectUniqueName2 = AGM.Mobile\\AGM.Mobile.iOS\\AGM.Mobile.iOS.csproj
		SccProjectName2 = AGM.Mobile/AGM.Mobile.iOS
		SccLocalPath2 = AGM.Mobile\\AGM.Mobile.iOS
		SccProjectUniqueName3 = AGM.Mobile\\AGM.Mobile.UWP\\AGM.Mobile.UWP.csproj
		SccProjectName3 = AGM.Mobile/AGM.Mobile.UWP
		SccLocalPath3 = AGM.Mobile\\AGM.Mobile.UWP
		SccProjectUniqueName4 = AGM.Mobile\\AGM.Mobile.Windows\\AGM.Mobile.Windows.csproj
		SccProjectName4 = AGM.Mobile/AGM.Mobile.Windows
		SccLocalPath4 = AGM.Mobile\\AGM.Mobile.Windows
		SccProjectUniqueName5 = AGM.Mobile\\AGM.Mobile.WinPhone\\AGM.Mobile.WinPhone.csproj
		SccProjectName5 = AGM.Mobile/AGM.Mobile.WinPhone
		SccLocalPath5 = AGM.Mobile\\AGM.Mobile.WinPhone
		SccProjectUniqueName6 = AGM.Mobile\\AGM.Mobile\\AGM.Mobile.csproj
		SccProjectName6 = AGM.Mobile/AGM.Mobile
		SccLocalPath6 = AGM.Mobile\\AGM.Mobile
	EndGlobalSection
EndGlobal
